// !$*UTF8*$!
{
	archiveVersion = 1;
	classes = {
	};
	objectVersion = 77;
	objects = {

/* Begin PBXContainerItemProxy section */
		E1E2537D2E305B09008194EE /* PBXContainerItemProxy */ = {
			isa = PBXContainerItemProxy;
			containerPortal = E1E253662E305B07008194EE /* Project object */;
			proxyType = 1;
			remoteGlobalIDString = E1E2536D2E305B07008194EE;
			remoteInfo = Becoming2030Me;
		};
		E1E253872E305B09008194EE /* PBXContainerItemProxy */ = {
			isa = PBXContainerItemProxy;
			containerPortal = E1E253662E305B07008194EE /* Project object */;
			proxyType = 1;
			remoteGlobalIDString = E1E2536D2E305B07008194EE;
			remoteInfo = Becoming2030Me;
		};
/* End PBXContainerItemProxy section */

/* Begin PBXFileReference section */
		E1E2536E2E305B07008194EE /* Becoming2030Me.app */ = {isa = PBXFileReference; explicitFileType = wrapper.application; includeInIndex = 0; path = Becoming2030Me.app; sourceTree = BUILT_PRODUCTS_DIR; };
		E1E2537C2E305B09008194EE /* Becoming2030MeTests.xctest */ = {isa = PBXFileReference; explicitFileType = wrapper.cfbundle; includeInIndex = 0; path = Becoming2030MeTests.xctest; sourceTree = BUILT_PRODUCTS_DIR; };
		E1E253862E305B09008194EE /* Becoming2030MeUITests.xctest */ = {isa = PBXFileReference; explicitFileType = wrapper.cfbundle; includeInIndex = 0; path = Becoming2030MeUITests.xctest; sourceTree = BUILT_PRODUCTS_DIR; };
/* End PBXFileReference section */

/* Begin PBXFileSystemSynchronizedRootGroup section */
		E1E253702E305B07008194EE /* Becoming2030Me */ = {
			isa = PBXFileSystemSynchronizedRootGroup;
			path = Becoming2030Me;
			sourceTree = "<group>";
		};
		E1E2537F2E305B09008194EE /* Becoming2030MeTests */ = {
			isa = PBXFileSystemSynchronizedRootGroup;
			path = Becoming2030MeTests;
			sourceTree = "<group>";
		};
		E1E253892E305B09008194EE /* Becoming2030MeUITests */ = {
			isa = PBXFileSystemSynchronizedRootGroup;
			path = Becoming2030MeUITests;
			sourceTree = "<group>";
		};
/* End PBXFileSystemSynchronizedRootGroup section */

/* Begin PBXFrameworksBuildPhase section */
		E1E2536B2E305B07008194EE /* Frameworks */ = {
			isa = PBXFrameworksBuildPhase;
			buildActionMask = 2147483647;
			files = (
			);
			runOnlyForDeploymentPostprocessing = 0;
		};
		E1E253792E305B09008194EE /* Frameworks */ = {
			isa = PBXFrameworksBuildPhase;
			buildActionMask = 2147483647;
			files = (
			);
			runOnlyForDeploymentPostprocessing = 0;
		};
		E1E253832E305B09008194EE /* Frameworks */ = {
			isa = PBXFrameworksBuildPhase;
			buildActionMask = 2147483647;
			files = (
			);
			runOnlyForDeploymentPostprocessing = 0;
		};
/* End PBXFrameworksBuildPhase section */

/* Begin PBXGroup section */
		E1E253652E305B07008194EE = {
			isa = PBXGroup;
			children = (
				E1E253702E305B07008194EE /* Becoming2030Me */,
				E1E2537F2E305B09008194EE /* Becoming2030MeTests */,
				E1E253892E305B09008194EE /* Becoming2030MeUITests */,
				E1E2536F2E305B07008194EE /* Products */,
			);
			sourceTree = "<group>";
		};
		E1E2536F2E305B07008194EE /* Products */ = {
			isa = PBXGroup;
			children = (
				E1E2536E2E305B07008194EE /* Becoming2030Me.app */,
				E1E2537C2E305B09008194EE /* Becoming2030MeTests.xctest */,
				E1E253862E305B09008194EE /* Becoming2030MeUITests.xctest */,
			);
			name = Products;
			sourceTree = "<group>";
		};
/* End PBXGroup section */

/* Begin PBXNativeTarget section */
		E1E2536D2E305B07008194EE /* Becoming2030Me */ = {
			isa = PBXNativeTarget;
			buildConfigurationList = E1E253902E305B09008194EE /* Build configuration list for PBXNativeTarget "Becoming2030Me" */;
			buildPhases = (
				E1E2536A2E305B07008194EE /* Sources */,
				E1E2536B2E305B07008194EE /* Frameworks */,
				E1E2536C2E305B07008194EE /* Resources */,
			);
			buildRules = (
			);
			dependencies = (
			);
			fileSystemSynchronizedGroups = (
				E1E253702E305B07008194EE /* Becoming2030Me */,
			);
			name = Becoming2030Me;
			packageProductDependencies = (
			);
			productName = Becoming2030Me;
			productReference = E1E2536E2E305B07008194EE /* Becoming2030Me.app */;
			productType = "com.apple.product-type.application";
		};
		E1E2537B2E305B09008194EE /* Becoming2030MeTests */ = {
			isa = PBXNativeTarget;
			buildConfigurationList = E1E253932E305B09008194EE /* Build configuration list for PBXNativeTarget "Becoming2030MeTests" */;
			buildPhases = (
				E1E253782E305B09008194EE /* Sources */,
				E1E253792E305B09008194EE /* Frameworks */,
				E1E2537A2E305B09008194EE /* Resources */,
			);
			buildRules = (
			);
			dependencies = (
				E1E2537E2E305B09008194EE /* PBXTargetDependency */,
			);
			fileSystemSynchronizedGroups = (
				E1E2537F2E305B09008194EE /* Becoming2030MeTests */,
			);
			name = Becoming2030MeTests;
			packageProductDependencies = (
			);
			productName = Becoming2030MeTests;
			productReference = E1E2537C2E305B09008194EE /* Becoming2030MeTests.xctest */;
			productType = "com.apple.product-type.bundle.unit-test";
		};
		E1E253852E305B09008194EE /* Becoming2030MeUITests */ = {
			isa = PBXNativeTarget;
			buildConfigurationList = E1E253962E305B09008194EE /* Build configuration list for PBXNativeTarget "Becoming2030MeUITests" */;
			buildPhases = (
				E1E253822E305B09008194EE /* Sources */,
				E1E253832E305B09008194EE /* Frameworks */,
				E1E253842E305B09008194EE /* Resources */,
			);
			buildRules = (
			);
			dependencies = (
				E1E253882E305B09008194EE /* PBXTargetDependency */,
			);
			fileSystemSynchronizedGroups = (
				E1E253892E305B09008194EE /* Becoming2030MeUITests */,
			);
			name = Becoming2030MeUITests;
			packageProductDependencies = (
			);
			productName = Becoming2030MeUITests;
			productReference = E1E253862E305B09008194EE /* Becoming2030MeUITests.xctest */;
			productType = "com.apple.product-type.bundle.ui-testing";
		};
/* End PBXNativeTarget section */

/* Begin PBXProject section */
		E1E253662E305B07008194EE /* Project object */ = {
			isa = PBXProject;
			attributes = {
				BuildIndependentTargetsInParallel = 1;
				LastSwiftUpdateCheck = 1640;
				LastUpgradeCheck = 1640;
				TargetAttributes = {
					E1E2536D2E305B07008194EE = {
						CreatedOnToolsVersion = 16.4;
					};
					E1E2537B2E305B09008194EE = {
						CreatedOnToolsVersion = 16.4;
						TestTargetID = E1E2536D2E305B07008194EE;
					};
					E1E253852E305B09008194EE = {
						CreatedOnToolsVersion = 16.4;
						TestTargetID = E1E2536D2E305B07008194EE;
					};
				};
			};
			buildConfigurationList = E1E253692E305B07008194EE /* Build configuration list for PBXProject "Becoming2030Me" */;
			developmentRegion = en;
			hasScannedForEncodings = 0;
			knownRegions = (
				en,
				Base,
			);
			mainGroup = E1E253652E305B07008194EE;
			minimizedProjectReferenceProxies = 1;
			preferredProjectObjectVersion = 77;
			productRefGroup = E1E2536F2E305B07008194EE /* Products */;
			projectDirPath = "";
			projectRoot = "";
			targets = (
				E1E2536D2E305B07008194EE /* Becoming2030Me */,
				E1E2537B2E305B09008194EE /* Becoming2030MeTests */,
				E1E253852E305B09008194EE /* Becoming2030MeUITests */,
			);
		};
/* End PBXProject section */

/* Begin PBXResourcesBuildPhase section */
		E1E2536C2E305B07008194EE /* Resources */ = {
			isa = PBXResourcesBuildPhase;
			buildActionMask = 2147483647;
			files = (
			);
			runOnlyForDeploymentPostprocessing = 0;
		};
		E1E2537A2E305B09008194EE /* Resources */ = {
			isa = PBXResourcesBuildPhase;
			buildActionMask = 2147483647;
			files = (
			);
			runOnlyForDeploymentPostprocessing = 0;
		};
		E1E253842E305B09008194EE /* Resources */ = {
			isa = PBXResourcesBuildPhase;
			buildActionMask = 2147483647;
			files = (
			);
			runOnlyForDeploymentPostprocessing = 0;
		};
/* End PBXResourcesBuildPhase section */

/* Begin PBXSourcesBuildPhase section */
		E1E2536A2E305B07008194EE /* Sources */ = {
			isa = PBXSourcesBuildPhase;
			buildActionMask = 2147483647;
			files = (
			);
			runOnlyForDeploymentPostprocessing = 0;
		};
		E1E253782E305B09008194EE /* Sources */ = {
			isa = PBXSourcesBuildPhase;
			buildActionMask = 2147483647;
			files = (
			);
			runOnlyForDeploymentPostprocessing = 0;
		};
		E1E253822E305B09008194EE /* Sources */ = {
			isa = PBXSourcesBuildPhase;
			buildActionMask = 2147483647;
			files = (
			);
			runOnlyForDeploymentPostprocessing = 0;
		};
/* End PBXSourcesBuildPhase section */

/* Begin PBXTargetDependency section */
		E1E2537E2E305B09008194EE /* PBXTargetDependency */ = {
			isa = PBXTargetDependency;
			target = E1E2536D2E305B07008194EE /* Becoming2030Me */;
			targetProxy = E1E2537D2E305B09008194EE /* PBXContainerItemProxy */;
		};
		E1E253882E305B09008194EE /* PBXTargetDependency */ = {
			isa = PBXTargetDependency;
			target = E1E2536D2E305B07008194EE /* Becoming2030Me */;
			targetProxy = E1E253872E305B09008194EE /* PBXContainerItemProxy */;
		};
/* End PBXTargetDependency section */

/* Begin XCBuildConfiguration section */
		E1E2538E2E305B09008194EE /* Debug */ = {
			isa = XCBuildConfiguration;
			buildSettings = {
				ALWAYS_SEARCH_USER_PATHS = NO;
				ASSETCATALOG_COMPILER_GENERATE_SWIFT_ASSET_SYMBOL_EXTENSIONS = YES;
				CLANG_ANALYZER_NONNULL = YES;
				CLANG_ANALYZER_NUMBER_OBJECT_CONVERSION = YES_AGGRESSIVE;
				CLANG_CXX_LANGUAGE_STANDARD = "gnu++20";
				CLANG_ENABLE_MODULES = YES;
				CLANG_ENABLE_OBJC_ARC = YES;
				CLANG_ENABLE_OBJC_WEAK = YES;
				CLANG_WARN_BLOCK_CAPTURE_AUTORELEASING = YES;
				CLANG_WARN_BOOL_CONVERSION = YES;
				CLANG_WARN_COMMA = YES;
				CLANG_WARN_CONSTANT_CONVERSION = YES;
				CLANG_WARN_DEPRECATED_OBJC_IMPLEMENTATIONS = YES;
				CLANG_WARN_DIRECT_OBJC_ISA_USAGE = YES_ERROR;
				CLANG_WARN_DOCUMENTATION_COMMENTS = YES;
				CLANG_WARN_EMPTY_BODY = YES;
				CLANG_WARN_ENUM_CONVERSION = YES;
				CLANG_WARN_INFINITE_RECURSION = YES;
				CLANG_WARN_INT_CONVERSION = YES;
				CLANG_WARN_NON_LITERAL_NULL_CONVERSION = YES;
				CLANG_WARN_OBJC_IMPLICIT_RETAIN_SELF = YES;
				CLANG_WARN_OBJC_LITERAL_CONVERSION = YES;
				CLANG_WARN_OBJC_ROOT_CLASS = YES_ERROR;
				CLANG_WARN_QUOTED_INCLUDE_IN_FRAMEWORK_HEADER = YES;
				CLANG_WARN_RANGE_LOOP_ANALYSIS = YES;
				CLANG_WARN_STRICT_PROTOTYPES = YES;
				CLANG_WARN_SUSPICIOUS_MOVE = YES;
				CLANG_WARN_UNGUARDED_AVAILABILITY = YES_AGGRESSIVE;
				CLANG_WARN_UNREACHABLE_CODE = YES;
				CLANG_WARN__DUPLICATE_METHOD_MATCH = YES;
				COPY_PHASE_STRIP = NO;
				DEBUG_INFORMATION_FORMAT = dwarf;
				ENABLE_STRICT_OBJC_MSGSEND = YES;
				ENABLE_TESTABILITY = YES;
				ENABLE_USER_SCRIPT_SANDBOXING = YES;
				GCC_C_LANGUAGE_STANDARD = gnu17;
				GCC_DYNAMIC_NO_PIC = NO;
				GCC_NO_COMMON_BLOCKS = YES;
				GCC_OPTIMIZATION_LEVEL = 0;
				GCC_PREPROCESSOR_DEFINITIONS = (
					"DEBUG=1",
					"$(inherited)",
				);
				GCC_WARN_64_TO_32_BIT_CONVERSION = YES;
				GCC_WARN_ABOUT_RETURN_TYPE = YES_ERROR;
				GCC_WARN_UNDECLARED_SELECTOR = YES;
				GCC_WARN_UNINITIALIZED_AUTOS = YES_AGGRESSIVE;
				GCC_WARN_UNUSED_FUNCTION = YES;
				GCC_WARN_UNUSED_VARIABLE = YES;
				LOCALIZATION_PREFERS_STRING_CATALOGS = YES;
				MACOSX_DEPLOYMENT_TARGET = 15.5;
				MTL_ENABLE_DEBUG_INFO = INCLUDE_SOURCE;
				MTL_FAST_MATH = YES;
				ONLY_ACTIVE_ARCH = YES;
				SDKROOT = macosx;
				SWIFT_ACTIVE_COMPILATION_CONDITIONS = "DEBUG $(inherited)";
				SWIFT_OPTIMIZATION_LEVEL = "-Onone";
			};
			name = Debug;
		};
		E1E2538F2E305B09008194EE /* Release */ = {
			isa = XCBuildConfiguration;
			buildSettings = {
				ALWAYS_SEARCH_USER_PATHS = NO;
				ASSETCATALOG_COMPILER_GENERATE_SWIFT_ASSET_SYMBOL_EXTENSIONS = YES;
				CLANG_ANALYZER_NONNULL = YES;
				CLANG_ANALYZER_NUMBER_OBJECT_CONVERSION = YES_AGGRESSIVE;
				CLANG_CXX_LANGUAGE_STANDARD = "gnu++20";
				CLANG_ENABLE_MODULES = YES;
				CLANG_ENABLE_OBJC_ARC = YES;
				CLANG_ENABLE_OBJC_WEAK = YES;
				CLANG_WARN_BLOCK_CAPTURE_AUTORELEASING = YES;
				CLANG_WARN_BOOL_CONVERSION = YES;
				CLANG_WARN_COMMA = YES;
				CLANG_WARN_CONSTANT_CONVERSION = YES;
				CLANG_WARN_DEPRECATED_OBJC_IMPLEMENTATIONS = YES;
				CLANG_WARN_DIRECT_OBJC_ISA_USAGE = YES_ERROR;
				CLANG_WARN_DOCUMENTATION_COMMENTS = YES;
				CLANG_WARN_EMPTY_BODY = YES;
				CLANG_WARN_ENUM_CONVERSION = YES;
				CLANG_WARN_INFINITE_RECURSION = YES;
				CLANG_WARN_INT_CONVERSION = YES;
				CLANG_WARN_NON_LITERAL_NULL_CONVERSION = YES;
				CLANG_WARN_OBJC_IMPLICIT_RETAIN_SELF = YES;
				CLANG_WARN_OBJC_LITERAL_CONVERSION = YES;
				CLANG_WARN_OBJC_ROOT_CLASS = YES_ERROR;
				CLANG_WARN_QUOTED_INCLUDE_IN_FRAMEWORK_HEADER = YES;
				CLANG_WARN_RANGE_LOOP_ANALYSIS = YES;
				CLANG_WARN_STRICT_PROTOTYPES = YES;
				CLANG_WARN_SUSPICIOUS_MOVE = YES;
				CLANG_WARN_UNGUARDED_AVAILABILITY = YES_AGGRESSIVE;
				CLANG_WARN_UNREACHABLE_CODE = YES;
				CLANG_WARN__DUPLICATE_METHOD_MATCH = YES;
				COPY_PHASE_STRIP = NO;
				DEBUG_INFORMATION_FORMAT = "dwarf-with-dsym";
				ENABLE_NS_ASSERTIONS = NO;
				ENABLE_STRICT_OBJC_MSGSEND = YES;
				ENABLE_USER_SCRIPT_SANDBOXING = YES;
				GCC_C_LANGUAGE_STANDARD = gnu17;
				GCC_NO_COMMON_BLOCKS = YES;
				GCC_WARN_64_TO_32_BIT_CONVERSION = YES;
				GCC_WARN_ABOUT_RETURN_TYPE = YES_ERROR;
				GCC_WARN_UNDECLARED_SELECTOR = YES;
				GCC_WARN_UNINITIALIZED_AUTOS = YES_AGGRESSIVE;
				GCC_WARN_UNUSED_FUNCTION = YES;
				GCC_WARN_UNUSED_VARIABLE = YES;
				LOCALIZATION_PREFERS_STRING_CATALOGS = YES;
				MACOSX_DEPLOYMENT_TARGET = 15.5;
				MTL_ENABLE_DEBUG_INFO = NO;
				MTL_FAST_MATH = YES;
				SDKROOT = macosx;
				SWIFT_COMPILATION_MODE = wholemodule;
			};
			name = Release;
		};
		E1E253912E305B09008194EE /* Debug */ = {
			isa = XCBuildConfiguration;
			buildSettings = {
				ASSETCATALOG_COMPILER_APPICON_NAME = AppIcon;
				ASSETCATALOG_COMPILER_GLOBAL_ACCENT_COLOR_NAME = AccentColor;
				CODE_SIGN_ENTITLEMENTS = Becoming2030Me/Becoming2030Me.entitlements;
				CODE_SIGN_STYLE = Automatic;
				COMBINE_HIDPI_IMAGES = YES;
				CURRENT_PROJECT_VERSION = 1;
				ENABLE_PREVIEWS = YES;
				GENERATE_INFOPLIST_FILE = YES;
				INFOPLIST_KEY_NSHumanReadableCopyright = "";
				LD_RUNPATH_SEARCH_PATHS = (
					"$(inherited)",
					"@executable_path/../Frameworks",
				);
				MARKETING_VERSION = 1.0;
				PRODUCT_BUNDLE_IDENTIFIER = com.janice.becoming.Becoming2030Me;
				PRODUCT_NAME = "$(TARGET_NAME)";
				REGISTER_APP_GROUPS = YES;
				SWIFT_EMIT_LOC_STRINGS = YES;
				SWIFT_VERSION = 5.0;
			};
			name = Debug;
		};
		E1E253922E305B09008194EE /* Release */ = {
			isa = XCBuildConfiguration;
			buildSettings = {
				ASSETCATALOG_COMPILER_APPICON_NAME = AppIcon;
				ASSETCATALOG_COMPILER_GLOBAL_ACCENT_COLOR_NAME = AccentColor;
				CODE_SIGN_ENTITLEMENTS = Becoming2030Me/Becoming2030Me.entitlements;
				CODE_SIGN_STYLE = Automatic;
				COMBINE_HIDPI_IMAGES = YES;
				CURRENT_PROJECT_VERSION = 1;
				ENABLE_PREVIEWS = YES;
				GENERATE_INFOPLIST_FILE = YES;
				INFOPLIST_KEY_NSHumanReadableCopyright = "";
				LD_RUNPATH_SEARCH_PATHS = (
					"$(inherited)",
					"@executable_path/../Frameworks",
				);
				MARKETING_VERSION = 1.0;
				PRODUCT_BUNDLE_IDENTIFIER = com.janice.becoming.Becoming2030Me;
				PRODUCT_NAME = "$(TARGET_NAME)";
				REGISTER_APP_GROUPS = YES;
				SWIFT_EMIT_LOC_STRINGS = YES;
				SWIFT_VERSION = 5.0;
			};
			name = Release;
		};
		E1E253942E305B09008194EE /* Debug */ = {
			isa = XCBuildConfiguration;
			buildSettings = {
				BUNDLE_LOADER = "$(TEST_HOST)";
				CODE_SIGN_STYLE = Automatic;
				CURRENT_PROJECT_VERSION = 1;
				GENERATE_INFOPLIST_FILE = YES;
				MACOSX_DEPLOYMENT_TARGET = 15.5;
				MARKETING_VERSION = 1.0;
				PRODUCT_BUNDLE_IDENTIFIER = com.janice.becoming.Becoming2030MeTests;
				PRODUCT_NAME = "$(TARGET_NAME)";
				SWIFT_EMIT_LOC_STRINGS = NO;
				SWIFT_VERSION = 5.0;
				TEST_HOST = "$(BUILT_PRODUCTS_DIR)/Becoming2030Me.app/$(BUNDLE_EXECUTABLE_FOLDER_PATH)/Becoming2030Me";
			};
			name = Debug;
		};
		E1E253952E305B09008194EE /* Release */ = {
			isa = XCBuildConfiguration;
			buildSettings = {
				BUNDLE_LOADER = "$(TEST_HOST)";
				CODE_SIGN_STYLE = Automatic;
				CURRENT_PROJECT_VERSION = 1;
				GENERATE_INFOPLIST_FILE = YES;
				MACOSX_DEPLOYMENT_TARGET = 15.5;
				MARKETING_VERSION = 1.0;
				PRODUCT_BUNDLE_IDENTIFIER = com.janice.becoming.Becoming2030MeTests;
				PRODUCT_NAME = "$(TARGET_NAME)";
				SWIFT_EMIT_LOC_STRINGS = NO;
				SWIFT_VERSION = 5.0;
				TEST_HOST = "$(BUILT_PRODUCTS_DIR)/Becoming2030Me.app/$(BUNDLE_EXECUTABLE_FOLDER_PATH)/Becoming2030Me";
			};
			name = Release;
		};
		E1E253972E305B09008194EE /* Debug */ = {
			isa = XCBuildConfiguration;
			buildSettings = {
				CODE_SIGN_STYLE = Automatic;
				CURRENT_PROJECT_VERSION = 1;
				GENERATE_INFOPLIST_FILE = YES;
				MARKETING_VERSION = 1.0;
				PRODUCT_BUNDLE_IDENTIFIER = com.janice.becoming.Becoming2030MeUITests;
				PRODUCT_NAME = "$(TARGET_NAME)";
				SWIFT_EMIT_LOC_STRINGS = NO;
				SWIFT_VERSION = 5.0;
				TEST_TARGET_NAME = Becoming2030Me;
			};
			name = Debug;
		};
		E1E253982E305B09008194EE /* Release */ = {
			isa = XCBuildConfiguration;
			buildSettings = {
				CODE_SIGN_STYLE = Automatic;
				CURRENT_PROJECT_VERSION = 1;
				GENERATE_INFOPLIST_FILE = YES;
				MARKETING_VERSION = 1.0;
				PRODUCT_BUNDLE_IDENTIFIER = com.janice.becoming.Becoming2030MeUITests;
				PRODUCT_NAME = "$(TARGET_NAME)";
				SWIFT_EMIT_LOC_STRINGS = NO;
				SWIFT_VERSION = 5.0;
				TEST_TARGET_NAME = Becoming2030Me;
			};
			name = Release;
		};
/* End XCBuildConfiguration section */

/* Begin XCConfigurationList section */
		E1E253692E305B07008194EE /* Build configuration list for PBXProject "Becoming2030Me" */ = {
			isa = XCConfigurationList;
			buildConfigurations = (
				E1E2538E2E305B09008194EE /* Debug */,
				E1E2538F2E305B09008194EE /* Release */,
			);
			defaultConfigurationIsVisible = 0;
			defaultConfigurationName = Release;
		};
		E1E253902E305B09008194EE /* Build configuration list for PBXNativeTarget "Becoming2030Me" */ = {
			isa = XCConfigurationList;
			buildConfigurations = (
				E1E253912E305B09008194EE /* Debug */,
				E1E253922E305B09008194EE /* Release */,
			);
			defaultConfigurationIsVisible = 0;
			defaultConfigurationName = Release;
		};
		E1E253932E305B09008194EE /* Build configuration list for PBXNativeTarget "Becoming2030MeTests" */ = {
			isa = XCConfigurationList;
			buildConfigurations = (
				E1E253942E305B09008194EE /* Debug */,
				E1E253952E305B09008194EE /* Release */,
			);
			defaultConfigurationIsVisible = 0;
			defaultConfigurationName = Release;
		};
		E1E253962E305B09008194EE /* Build configuration list for PBXNativeTarget "Becoming2030MeUITests" */ = {
			isa = XCConfigurationList;
			buildConfigurations = (
				E1E253972E305B09008194EE /* Debug */,
				E1E253982E305B09008194EE /* Release */,
			);
			defaultConfigurationIsVisible = 0;
			defaultConfigurationName = Release;
		};
/* End XCConfigurationList section */
	};
	rootObject = E1E253662E305B07008194EE /* Project object */;
}
